// !$*UTF8*$!
{
	archiveVersion = 1;
	classes = {
	};
	objectVersion = 56;
	objects = {

/* Begin PBXBuildFile section */
		3DDC61B12D6960CB0041AD4D /* CoreCalculator.docc in Sources */ = {isa = PBXBuildFile; fileRef = 3DDC61B02D6960CB0041AD4D /* CoreCalculator.docc */; };
		3DDC61B72D6960CB0041AD4D /* CoreCalculator.framework in Frameworks */ = {isa = PBXBuildFile; fileRef = 3DDC61AC2D6960CB0041AD4D /* CoreCalculator.framework */; };
		3DDC61BC2D6960CB0041AD4D /* CoreCalculatorTests.m in Sources */ = {isa = PBXBuildFile; fileRef = 3DDC61BB2D6960CB0041AD4D /* CoreCalculatorTests.m */; };
		3DDC61BD2D6960CB0041AD4D /* CoreCalculator.h in Headers */ = {isa = PBXBuildFile; fileRef = 3DDC61AF2D6960CB0041AD4D /* CoreCalculator.h */; settings = {ATTRIBUTES = (Public, ); }; };
		3DDC61CD2D6961A50041AD4D /* Calculator.m in Sources */ = {isa = PBXBuildFile; fileRef = 3DDC61CC2D6961A50041AD4D /* Calculator.m */; };
/* End PBXBuildFile section */

/* Begin PBXContainerItemProxy section */
		3DDC61B82D6960CB0041AD4D /* PBXContainerItemProxy */ = {
			isa = PBXContainerItemProxy;
			containerPortal = 3DDC61A32D6960CB0041AD4D /* Project object */;
			proxyType = 1;
			remoteGlobalIDString = 3DDC61AB2D6960CB0041AD4D;
			remoteInfo = CoreCalculator;
		};
/* End PBXContainerItemProxy section */

/* Begin PBXFileReference section */
		3DDC61AC2D6960CB0041AD4D /* CoreCalculator.framework */ = {isa = PBXFileReference; explicitFileType = wrapper.framework; includeInIndex = 0; path = CoreCalculator.framework; sourceTree = BUILT_PRODUCTS_DIR; };
		3DDC61AF2D6960CB0041AD4D /* CoreCalculator.h */ = {isa = PBXFileReference; lastKnownFileType = sourcecode.c.h; path = CoreCalculator.h; sourceTree = "<group>"; };
		3DDC61B02D6960CB0041AD4D /* CoreCalculator.docc */ = {isa = PBXFileReference; lastKnownFileType = folder.documentationcatalog; path = CoreCalculator.docc; sourceTree = "<group>"; };
		3DDC61B62D6960CB0041AD4D /* CoreCalculatorTests.xctest */ = {isa = PBXFileReference; explicitFileType = wrapper.cfbundle; includeInIndex = 0; path = CoreCalculatorTests.xctest; sourceTree = BUILT_PRODUCTS_DIR; };
		3DDC61BB2D6960CB0041AD4D /* CoreCalculatorTests.m */ = {isa = PBXFileReference; lastKnownFileType = sourcecode.c.objc; path = CoreCalculatorTests.m; sourceTree = "<group>"; };
		3DDC61CC2D6961A50041AD4D /* Calculator.m */ = {isa = PBXFileReference; lastKnownFileType = sourcecode.c.objc; path = Calculator.m; sourceTree = "<group>"; };
/* End PBXFileReference section */

/* Begin PBXFrameworksBuildPhase section */
		3DDC61A92D6960CB0041AD4D /* Frameworks */ = {
			isa = PBXFrameworksBuildPhase;
			buildActionMask = 2147483647;
			files = (
			);
			runOnlyForDeploymentPostprocessing = 0;
		};
		3DDC61B32D6960CB0041AD4D /* Frameworks */ = {
			isa = PBXFrameworksBuildPhase;
			buildActionMask = 2147483647;
			files = (
				3DDC61B72D6960CB0041AD4D /* CoreCalculator.framework in Frameworks */,
			);
			runOnlyForDeploymentPostprocessing = 0;
		};
/* End PBXFrameworksBuildPhase section */

/* Begin PBXGroup section */
		3DDC61A22D6960CB0041AD4D = {
			isa = PBXGroup;
			children = (
				3DDC61CC2D6961A50041AD4D /* Calculator.m */,
				3DDC61AE2D6960CB0041AD4D /* CoreCalculator */,
				3DDC61BA2D6960CB0041AD4D /* CoreCalculatorTests */,
				3DDC61AD2D6960CB0041AD4D /* Products */,
			);
			sourceTree = "<group>";
		};
		3DDC61AD2D6960CB0041AD4D /* Products */ = {
			isa = PBXGroup;
			children = (
				3DDC61AC2D6960CB0041AD4D /* CoreCalculator.framework */,
				3DDC61B62D6960CB0041AD4D /* CoreCalculatorTests.xctest */,
			);
			name = Products;
			sourceTree = "<group>";
		};
		3DDC61AE2D6960CB0041AD4D /* CoreCalculator */ = {
			isa = PBXGroup;
			children = (
				3DDC61AF2D6960CB0041AD4D /* CoreCalculator.h */,
				3DDC61B02D6960CB0041AD4D /* CoreCalculator.docc */,
			);
			path = CoreCalculator;
			sourceTree = "<group>";
		};
		3DDC61BA2D6960CB0041AD4D /* CoreCalculatorTests */ = {
			isa = PBXGroup;
			children = (
				3DDC61BB2D6960CB0041AD4D /* CoreCalculatorTests.m */,
			);
			path = CoreCalculatorTests;
			sourceTree = "<group>";
		};
/* End PBXGroup section */

/* Begin PBXHeadersBuildPhase section */
		3DDC61A72D6960CB0041AD4D /* Headers */ = {
			isa = PBXHeadersBuildPhase;
			buildActionMask = 2147483647;
			files = (
				3DDC61BD2D6960CB0041AD4D /* CoreCalculator.h in Headers */,
			);
			runOnlyForDeploymentPostprocessing = 0;
		};
/* End PBXHeadersBuildPhase section */

/* Begin PBXNativeTarget section */
		3DDC61AB2D6960CB0041AD4D /* CoreCalculator */ = {
			isa = PBXNativeTarget;
			buildConfigurationList = 3DDC61C02D6960CB0041AD4D /* Build configuration list for PBXNativeTarget "CoreCalculator" */;
			buildPhases = (
				3DDC61A72D6960CB0041AD4D /* Headers */,
				3DDC61A82D6960CB0041AD4D /* Sources */,
				3DDC61A92D6960CB0041AD4D /* Frameworks */,
				3DDC61AA2D6960CB0041AD4D /* Resources */,
			);
			buildRules = (
			);
			dependencies = (
			);
			name = CoreCalculator;
			productName = CoreCalculator;
			productReference = 3DDC61AC2D6960CB0041AD4D /* CoreCalculator.framework */;
			productType = "com.apple.product-type.framework";
		};
		3DDC61B52D6960CB0041AD4D /* CoreCalculatorTests */ = {
			isa = PBXNativeTarget;
			buildConfigurationList = 3DDC61C32D6960CB0041AD4D /* Build configuration list for PBXNativeTarget "CoreCalculatorTests" */;
			buildPhases = (
				3DDC61B22D6960CB0041AD4D /* Sources */,
				3DDC61B32D6960CB0041AD4D /* Frameworks */,
				3DDC61B42D6960CB0041AD4D /* Resources */,
			);
			buildRules = (
			);
			dependencies = (
				3DDC61B92D6960CB0041AD4D /* PBXTargetDependency */,
			);
			name = CoreCalculatorTests;
			productName = CoreCalculatorTests;
			productReference = 3DDC61B62D6960CB0041AD4D /* CoreCalculatorTests.xctest */;
			productType = "com.apple.product-type.bundle.unit-test";
		};
/* End PBXNativeTarget section */

/* Begin PBXProject section */
		3DDC61A32D6960CB0041AD4D /* Project object */ = {
			isa = PBXProject;
			attributes = {
				BuildIndependentTargetsInParallel = 1;
				LastUpgradeCheck = 1540;
				TargetAttributes = {
					3DDC61AB2D6960CB0041AD4D = {
						CreatedOnToolsVersion = 15.4;
					};
					3DDC61B52D6960CB0041AD4D = {
						CreatedOnToolsVersion = 15.4;
					};
				};
			};
			buildConfigurationList = 3DDC61A62D6960CB0041AD4D /* Build configuration list for PBXProject "CoreCalculator" */;
			compatibilityVersion = "Xcode 14.0";
			developmentRegion = en;
			hasScannedForEncodings = 0;
			knownRegions = (
				en,
				Base,
			);
			mainGroup = 3DDC61A22D6960CB0041AD4D;
			productRefGroup = 3DDC61AD2D6960CB0041AD4D /* Products */;
			projectDirPath = "";
			projectRoot = "";
			targets = (
				3DDC61AB2D6960CB0041AD4D /* CoreCalculator */,
				3DDC61B52D6960CB0041AD4D /* CoreCalculatorTests */,
			);
		};
/* End PBXProject section */

/* Begin PBXResourcesBuildPhase section */
		3DDC61AA2D6960CB0041AD4D /* Resources */ = {
			isa = PBXResourcesBuildPhase;
			buildActionMask = 2147483647;
			files = (
			);
			runOnlyForDeploymentPostprocessing = 0;
		};
		3DDC61B42D6960CB0041AD4D /* Resources */ = {
			isa = PBXResourcesBuildPhase;
			buildActionMask = 2147483647;
			files = (
			);
			runOnlyForDeploymentPostprocessing = 0;
		};
/* End PBXResourcesBuildPhase section */

/* Begin PBXSourcesBuildPhase section */
		3DDC61A82D6960CB0041AD4D /* Sources */ = {
			isa = PBXSourcesBuildPhase;
			buildActionMask = 2147483647;
			files = (
				3DDC61CD2D6961A50041AD4D /* Calculator.m in Sources */,
				3DDC61B12D6960CB0041AD4D /* CoreCalculator.docc in Sources */,
			);
			runOnlyForDeploymentPostprocessing = 0;
		};
		3DDC61B22D6960CB0041AD4D /* Sources */ = {
			isa = PBXSourcesBuildPhase;
			buildActionMask = 2147483647;
			files = (
				3DDC61BC2D6960CB0041AD4D /* CoreCalculatorTests.m in Sources */,
			);
			runOnlyForDeploymentPostprocessing = 0;
		};
/* End PBXSourcesBuildPhase section */

/* Begin PBXTargetDependency section */
		3DDC61B92D6960CB0041AD4D /* PBXTargetDependency */ = {
			isa = PBXTargetDependency;
			target = 3DDC61AB2D6960CB0041AD4D /* CoreCalculator */;
			targetProxy = 3DDC61B82D6960CB0041AD4D /* PBXContainerItemProxy */;
		};
/* End PBXTargetDependency section */

/* Begin XCBuildConfiguration section */
		3DDC61BE2D6960CB0041AD4D /* Debug */ = {
			isa = XCBuildConfiguration;
			buildSettings = {
				ALWAYS_SEARCH_USER_PATHS = NO;
				ASSETCATALOG_COMPILER_GENERATE_SWIFT_ASSET_SYMBOL_EXTENSIONS = YES;
				CLANG_ANALYZER_NONNULL = YES;
				CLANG_ANALYZER_NUMBER_OBJECT_CONVERSION = YES_AGGRESSIVE;
				CLANG_CXX_LANGUAGE_STANDARD = "gnu++20";
				CLANG_ENABLE_MODULES = YES;
				CLANG_ENABLE_OBJC_ARC = YES;
				CLANG_ENABLE_OBJC_WEAK = YES;
				CLANG_WARN_BLOCK_CAPTURE_AUTORELEASING = YES;
				CLANG_WARN_BOOL_CONVERSION = YES;
				CLANG_WARN_COMMA = YES;
				CLANG_WARN_CONSTANT_CONVERSION = YES;
				CLANG_WARN_DEPRECATED_OBJC_IMPLEMENTATIONS = YES;
				CLANG_WARN_DIRECT_OBJC_ISA_USAGE = YES_ERROR;
				CLANG_WARN_DOCUMENTATION_COMMENTS = YES;
				CLANG_WARN_EMPTY_BODY = YES;
				CLANG_WARN_ENUM_CONVERSION = YES;
				CLANG_WARN_INFINITE_RECURSION = YES;
				CLANG_WARN_INT_CONVERSION = YES;
				CLANG_WARN_NON_LITERAL_NULL_CONVERSION = YES;
				CLANG_WARN_OBJC_IMPLICIT_RETAIN_SELF = YES;
				CLANG_WARN_OBJC_LITERAL_CONVERSION = YES;
				CLANG_WARN_OBJC_ROOT_CLASS = YES_ERROR;
				CLANG_WARN_QUOTED_INCLUDE_IN_FRAMEWORK_HEADER = YES;
				CLANG_WARN_RANGE_LOOP_ANALYSIS = YES;
				CLANG_WARN_STRICT_PROTOTYPES = YES;
				CLANG_WARN_SUSPICIOUS_MOVE = YES;
				CLANG_WARN_UNGUARDED_AVAILABILITY = YES_AGGRESSIVE;
				CLANG_WARN_UNREACHABLE_CODE = YES;
				CLANG_WARN__DUPLICATE_METHOD_MATCH = YES;
				COPY_PHASE_STRIP = NO;
				CURRENT_PROJECT_VERSION = 1;
				DEBUG_INFORMATION_FORMAT = dwarf;
				ENABLE_STRICT_OBJC_MSGSEND = YES;
				ENABLE_TESTABILITY = YES;
				ENABLE_USER_SCRIPT_SANDBOXING = YES;
				GCC_C_LANGUAGE_STANDARD = gnu17;
				GCC_DYNAMIC_NO_PIC = NO;
				GCC_NO_COMMON_BLOCKS = YES;
				GCC_OPTIMIZATION_LEVEL = 0;
				GCC_PREPROCESSOR_DEFINITIONS = (
					"DEBUG=1",
					"$(inherited)",
				);
				GCC_WARN_64_TO_32_BIT_CONVERSION = YES;
				GCC_WARN_ABOUT_RETURN_TYPE = YES_ERROR;
				GCC_WARN_UNDECLARED_SELECTOR = YES;
				GCC_WARN_UNINITIALIZED_AUTOS = YES_AGGRESSIVE;
				GCC_WARN_UNUSED_FUNCTION = YES;
				GCC_WARN_UNUSED_VARIABLE = YES;
				IPHONEOS_DEPLOYMENT_TARGET = 17.5;
				LOCALIZATION_PREFERS_STRING_CATALOGS = YES;
				MTL_ENABLE_DEBUG_INFO = INCLUDE_SOURCE;
				MTL_FAST_MATH = YES;
				ONLY_ACTIVE_ARCH = YES;
				SDKROOT = iphoneos;
				VERSIONING_SYSTEM = "apple-generic";
				VERSION_INFO_PREFIX = "";
			};
			name = Debug;
		};
		3DDC61BF2D6960CB0041AD4D /* Release */ = {
			isa = XCBuildConfiguration;
			buildSettings = {
				ALWAYS_SEARCH_USER_PATHS = NO;
				ASSETCATALOG_COMPILER_GENERATE_SWIFT_ASSET_SYMBOL_EXTENSIONS = YES;
				CLANG_ANALYZER_NONNULL = YES;
				CLANG_ANALYZER_NUMBER_OBJECT_CONVERSION = YES_AGGRESSIVE;
				CLANG_CXX_LANGUAGE_STANDARD = "gnu++20";
				CLANG_ENABLE_MODULES = YES;
				CLANG_ENABLE_OBJC_ARC = YES;
				CLANG_ENABLE_OBJC_WEAK = YES;
				CLANG_WARN_BLOCK_CAPTURE_AUTORELEASING = YES;
				CLANG_WARN_BOOL_CONVERSION = YES;
				CLANG_WARN_COMMA = YES;
				CLANG_WARN_CONSTANT_CONVERSION = YES;
				CLANG_WARN_DEPRECATED_OBJC_IMPLEMENTATIONS = YES;
				CLANG_WARN_DIRECT_OBJC_ISA_USAGE = YES_ERROR;
				CLANG_WARN_DOCUMENTATION_COMMENTS = YES;
				CLANG_WARN_EMPTY_BODY = YES;
				CLANG_WARN_ENUM_CONVERSION = YES;
				CLANG_WARN_INFINITE_RECURSION = YES;
				CLANG_WARN_INT_CONVERSION = YES;
				CLANG_WARN_NON_LITERAL_NULL_CONVERSION = YES;
				CLANG_WARN_OBJC_IMPLICIT_RETAIN_SELF = YES;
				CLANG_WARN_OBJC_LITERAL_CONVERSION = YES;
				CLANG_WARN_OBJC_ROOT_CLASS = YES_ERROR;
				CLANG_WARN_QUOTED_INCLUDE_IN_FRAMEWORK_HEADER = YES;
				CLANG_WARN_RANGE_LOOP_ANALYSIS = YES;
				CLANG_WARN_STRICT_PROTOTYPES = YES;
				CLANG_WARN_SUSPICIOUS_MOVE = YES;
				CLANG_WARN_UNGUARDED_AVAILABILITY = YES_AGGRESSIVE;
				CLANG_WARN_UNREACHABLE_CODE = YES;
				CLANG_WARN__DUPLICATE_METHOD_MATCH = YES;
				COPY_PHASE_STRIP = NO;
				CURRENT_PROJECT_VERSION = 1;
				DEBUG_INFORMATION_FORMAT = "dwarf-with-dsym";
				ENABLE_NS_ASSERTIONS = NO;
				ENABLE_STRICT_OBJC_MSGSEND = YES;
				ENABLE_USER_SCRIPT_SANDBOXING = YES;
				GCC_C_LANGUAGE_STANDARD = gnu17;
				GCC_NO_COMMON_BLOCKS = YES;
				GCC_WARN_64_TO_32_BIT_CONVERSION = YES;
				GCC_WARN_ABOUT_RETURN_TYPE = YES_ERROR;
				GCC_WARN_UNDECLARED_SELECTOR = YES;
				GCC_WARN_UNINITIALIZED_AUTOS = YES_AGGRESSIVE;
				GCC_WARN_UNUSED_FUNCTION = YES;
				GCC_WARN_UNUSED_VARIABLE = YES;
				IPHONEOS_DEPLOYMENT_TARGET = 17.5;
				LOCALIZATION_PREFERS_STRING_CATALOGS = YES;
				MTL_ENABLE_DEBUG_INFO = NO;
				MTL_FAST_MATH = YES;
				SDKROOT = iphoneos;
				VALIDATE_PRODUCT = YES;
				VERSIONING_SYSTEM = "apple-generic";
				VERSION_INFO_PREFIX = "";
			};
			name = Release;
		};
		3DDC61C12D6960CB0041AD4D /* Debug */ = {
			isa = XCBuildConfiguration;
			buildSettings = {
				CODE_SIGN_STYLE = Automatic;
				CURRENT_PROJECT_VERSION = 1;
				DEFINES_MODULE = YES;
				DEVELOPMENT_TEAM = 2WRH48XVUZ;
				DYLIB_COMPATIBILITY_VERSION = 1;
				DYLIB_CURRENT_VERSION = 1;
				DYLIB_INSTALL_NAME_BASE = "@rpath";
				ENABLE_MODULE_VERIFIER = YES;
				GENERATE_INFOPLIST_FILE = YES;
				INFOPLIST_KEY_NSHumanReadableCopyright = "";
				INSTALL_PATH = "$(LOCAL_LIBRARY_DIR)/Frameworks";
				IPHONEOS_DEPLOYMENT_TARGET = 15.0;
				LD_RUNPATH_SEARCH_PATHS = (
					"$(inherited)",
					"@executable_path/Frameworks",
					"@loader_path/Frameworks",
				);
				MARKETING_VERSION = 1.0;
				MODULE_VERIFIER_SUPPORTED_LANGUAGES = "objective-c objective-c++";
				MODULE_VERIFIER_SUPPORTED_LANGUAGE_STANDARDS = "gnu17 gnu++20";
				PRODUCT_BUNDLE_IDENTIFIER = com.Abhijeet.CoreCalculator;
				PRODUCT_NAME = "$(TARGET_NAME:c99extidentifier)";
				SKIP_INSTALL = YES;
				SWIFT_EMIT_LOC_STRINGS = YES;
				TARGETED_DEVICE_FAMILY = "1,2";
			};
			name = Debug;
		};
		3DDC61C22D6960CB0041AD4D /* Release */ = {
			isa = XCBuildConfiguration;
			buildSettings = {
				CODE_SIGN_STYLE = Automatic;
				CURRENT_PROJECT_VERSION = 1;
				DEFINES_MODULE = YES;
				DEVELOPMENT_TEAM = 2WRH48XVUZ;
				DYLIB_COMPATIBILITY_VERSION = 1;
				DYLIB_CURRENT_VERSION = 1;
				DYLIB_INSTALL_NAME_BASE = "@rpath";
				ENABLE_MODULE_VERIFIER = YES;
				GENERATE_INFOPLIST_FILE = YES;
				INFOPLIST_KEY_NSHumanReadableCopyright = "";
				INSTALL_PATH = "$(LOCAL_LIBRARY_DIR)/Frameworks";
				IPHONEOS_DEPLOYMENT_TARGET = 15.0;
				LD_RUNPATH_SEARCH_PATHS = (
					"$(inherited)",
					"@executable_path/Frameworks",
					"@loader_path/Frameworks",
				);
				MARKETING_VERSION = 1.0;
				MODULE_VERIFIER_SUPPORTED_LANGUAGES = "objective-c objective-c++";
				MODULE_VERIFIER_SUPPORTED_LANGUAGE_STANDARDS = "gnu17 gnu++20";
				PRODUCT_BUNDLE_IDENTIFIER = com.Abhijeet.CoreCalculator;
				PRODUCT_NAME = "$(TARGET_NAME:c99extidentifier)";
				SKIP_INSTALL = YES;
				SWIFT_EMIT_LOC_STRINGS = YES;
				TARGETED_DEVICE_FAMILY = "1,2";
			};
			name = Release;
		};
		3DDC61C42D6960CB0041AD4D /* Debug */ = {
			isa = XCBuildConfiguration;
			buildSettings = {
				CODE_SIGN_STYLE = Automatic;
				CURRENT_PROJECT_VERSION = 1;
				DEVELOPMENT_TEAM = 2WRH48XVUZ;
				GENERATE_INFOPLIST_FILE = YES;
				MARKETING_VERSION = 1.0;
				PRODUCT_BUNDLE_IDENTIFIER = com.Abhijeet.CoreCalculatorTests;
				PRODUCT_NAME = "$(TARGET_NAME)";
				SWIFT_EMIT_LOC_STRINGS = NO;
				TARGETED_DEVICE_FAMILY = "1,2";
			};
			name = Debug;
		};
		3DDC61C52D6960CB0041AD4D /* Release */ = {
			isa = XCBuildConfiguration;
			buildSettings = {
				CODE_SIGN_STYLE = Automatic;
				CURRENT_PROJECT_VERSION = 1;
				DEVELOPMENT_TEAM = 2WRH48XVUZ;
				GENERATE_INFOPLIST_FILE = YES;
				MARKETING_VERSION = 1.0;
				PRODUCT_BUNDLE_IDENTIFIER = com.Abhijeet.CoreCalculatorTests;
				PRODUCT_NAME = "$(TARGET_NAME)";
				SWIFT_EMIT_LOC_STRINGS = NO;
				TARGETED_DEVICE_FAMILY = "1,2";
			};
			name = Release;
		};
/* End XCBuildConfiguration section */

/* Begin XCConfigurationList section */
		3DDC61A62D6960CB0041AD4D /* Build configuration list for PBXProject "CoreCalculator" */ = {
			isa = XCConfigurationList;
			buildConfigurations = (
				3DDC61BE2D6960CB0041AD4D /* Debug */,
				3DDC61BF2D6960CB0041AD4D /* Release */,
			);
			defaultConfigurationIsVisible = 0;
			defaultConfigurationName = Release;
		};
		3DDC61C02D6960CB0041AD4D /* Build configuration list for PBXNativeTarget "CoreCalculator" */ = {
			isa = XCConfigurationList;
			buildConfigurations = (
				3DDC61C12D6960CB0041AD4D /* Debug */,
				3DDC61C22D6960CB0041AD4D /* Release */,
			);
			defaultConfigurationIsVisible = 0;
			defaultConfigurationName = Release;
		};
		3DDC61C32D6960CB0041AD4D /* Build configuration list for PBXNativeTarget "CoreCalculatorTests" */ = {
			isa = XCConfigurationList;
			buildConfigurations = (
				3DDC61C42D6960CB0041AD4D /* Debug */,
				3DDC61C52D6960CB0041AD4D /* Release */,
			);
			defaultConfigurationIsVisible = 0;
			defaultConfigurationName = Release;
		};
/* End XCConfigurationList section */
	};
	rootObject = 3DDC61A32D6960CB0041AD4D /* Project object */;
}
